
Microsoft Visual Studio Solution File, Format Version 11.00
# Visual Studio 2010
Project("{8BC9CEB8-8B4A-11D0-8D11-00A0C91BC942}") = "Hw4", "Hw4\Hw4.vcxproj", "{30EB2E37-DDBF-404E-874E-D15F3275BB4A}"
EndProject
Global
	GlobalSection(SolutionConfigurationPlatforms) = preSolution
		Debug|Win32 = Debug|Win32
		Release|Win32 = Release|Win32
	EndGlobalSection
	GlobalSection(ProjectConfigurationPlatforms) = postSolution
		{30EB2E37-DDBF-404E-874E-D15F3275BB4A}.Debug|Win32.ActiveCfg = Debug|Win32
		{30EB2E37-DDBF-404E-874E-D15F3275BB4A}.Debug|Win32.Build.0 = Debug|Win32
		{30EB2E37-DDBF-404E-874E-D15F3275BB4A}.Release|Win32.ActiveCfg = Release|Win32
		{30EB2E37-DDBF-404E-874E-D15F3275BB4A}.Release|Win32.Build.0 = Release|Win32
	EndGlobalSection
	GlobalSection(SolutionProperties) = preSolution
		HideSolutionNode = FALSE
	EndGlobalSection
EndGlobal
